// !$*UTF8*$!
{
	archiveVersion = 1;
	classes = {
	};
	objectVersion = 46;
	objects = {

/* Begin PBXBuildFile section */
		392AB19DB71EBE5E2DD76495 /* Pods_LHBWeibo.framework in Frameworks */ = {isa = PBXBuildFile; fileRef = 82860A569C67E2A7A06CC566 /* Pods_LHBWeibo.framework */; };
		EF4AFDAD1D61C79900248735 /* MainViewController.swift in Sources */ = {isa = PBXBuildFile; fileRef = EF4AFDAC1D61C79900248735 /* MainViewController.swift */; };
		EF4AFDAF1D61C86100248735 /* HomeViewController.swift in Sources */ = {isa = PBXBuildFile; fileRef = EF4AFDAE1D61C86100248735 /* HomeViewController.swift */; };
		EF4AFDB11D61C86F00248735 /* MessageViewController.swift in Sources */ = {isa = PBXBuildFile; fileRef = EF4AFDB01D61C86F00248735 /* MessageViewController.swift */; };
		EF4AFDB51D61CDF100248735 /* DiscoverViewController.swift in Sources */ = {isa = PBXBuildFile; fileRef = EF4AFDB41D61CDF100248735 /* DiscoverViewController.swift */; };
		EF4AFDB71D61CE0100248735 /* ProfileViewController.swift in Sources */ = {isa = PBXBuildFile; fileRef = EF4AFDB61D61CE0100248735 /* ProfileViewController.swift */; };
		EF7A5EE01D62192D0070CEF1 /* MainVCSettings.json in Resources */ = {isa = PBXBuildFile; fileRef = EF7A5EDF1D62192D0070CEF1 /* MainVCSettings.json */; };
		EF9F76331D63FE6F00332A97 /* LHBPresentationController.swift in Sources */ = {isa = PBXBuildFile; fileRef = EF9F76321D63FE6F00332A97 /* LHBPresentationController.swift */; };
		EF9F76351D64356000332A97 /* PopoverViewAnimation.swift in Sources */ = {isa = PBXBuildFile; fileRef = EF9F76341D64356000332A97 /* PopoverViewAnimation.swift */; };
		EFCBF60B1D61B9FF00539F06 /* AppDelegate.swift in Sources */ = {isa = PBXBuildFile; fileRef = EFCBF60A1D61B9FF00539F06 /* AppDelegate.swift */; };
		EFCBF6101D61B9FF00539F06 /* Main.storyboard in Resources */ = {isa = PBXBuildFile; fileRef = EFCBF60E1D61B9FF00539F06 /* Main.storyboard */; };
		EFCBF6121D61B9FF00539F06 /* Assets.xcassets in Resources */ = {isa = PBXBuildFile; fileRef = EFCBF6111D61B9FF00539F06 /* Assets.xcassets */; };
		EFCBF6151D61B9FF00539F06 /* LaunchScreen.storyboard in Resources */ = {isa = PBXBuildFile; fileRef = EFCBF6131D61B9FF00539F06 /* LaunchScreen.storyboard */; };
		EFCBF6201D61B9FF00539F06 /* LHBWeiboTests.swift in Sources */ = {isa = PBXBuildFile; fileRef = EFCBF61F1D61B9FF00539F06 /* LHBWeiboTests.swift */; };
		EFCBF62B1D61B9FF00539F06 /* LHBWeiboUITests.swift in Sources */ = {isa = PBXBuildFile; fileRef = EFCBF62A1D61B9FF00539F06 /* LHBWeiboUITests.swift */; };
		EFDD6C181D62DDD000F6A604 /* 纯代码方案.swift in Sources */ = {isa = PBXBuildFile; fileRef = EFDD6C171D62DDD000F6A604 /* 纯代码方案.swift */; };
		EFDD6C1B1D62E49F00F6A604 /* Home.storyboard in Resources */ = {isa = PBXBuildFile; fileRef = EFDD6C191D62E49F00F6A604 /* Home.storyboard */; };
		EFDD6C1D1D62E4C000F6A604 /* Message.storyboard in Resources */ = {isa = PBXBuildFile; fileRef = EFDD6C1C1D62E4C000F6A604 /* Message.storyboard */; };
		EFDD6C201D62E4D500F6A604 /* Discover.storyboard in Resources */ = {isa = PBXBuildFile; fileRef = EFDD6C1E1D62E4D500F6A604 /* Discover.storyboard */; };
		EFDD6C221D62E4ED00F6A604 /* Profile.storyboard in Resources */ = {isa = PBXBuildFile; fileRef = EFDD6C211D62E4ED00F6A604 /* Profile.storyboard */; };
		EFDD6C251D62EB7F00F6A604 /* NULL.storyboard in Resources */ = {isa = PBXBuildFile; fileRef = EFDD6C231D62EB7F00F6A604 /* NULL.storyboard */; };
		EFDD6C281D62F7C700F6A604 /* UIButton-Extension.swift in Sources */ = {isa = PBXBuildFile; fileRef = EFDD6C271D62F7C700F6A604 /* UIButton-Extension.swift */; };
		EFDD6C2B1D631C6500F6A604 /* BaseViewController.swift in Sources */ = {isa = PBXBuildFile; fileRef = EFDD6C2A1D631C6500F6A604 /* BaseViewController.swift */; };
		EFDD6C2D1D631E8A00F6A604 /* VistorView.swift in Sources */ = {isa = PBXBuildFile; fileRef = EFDD6C2C1D631E8A00F6A604 /* VistorView.swift */; };
		EFDD6C2F1D631E9800F6A604 /* VistorView.xib in Resources */ = {isa = PBXBuildFile; fileRef = EFDD6C2E1D631E9800F6A604 /* VistorView.xib */; };
		EFDD6C311D6369DE00F6A604 /* UIBarButtonItem-Extension.swift in Sources */ = {isa = PBXBuildFile; fileRef = EFDD6C301D6369DE00F6A604 /* UIBarButtonItem-Extension.swift */; };
		EFDD6C3A1D63790A00F6A604 /* PopoverViewController.swift in Sources */ = {isa = PBXBuildFile; fileRef = EFDD6C381D63790A00F6A604 /* PopoverViewController.swift */; };
		EFDD6C3B1D63790A00F6A604 /* PopoverViewController.xib in Resources */ = {isa = PBXBuildFile; fileRef = EFDD6C391D63790A00F6A604 /* PopoverViewController.xib */; };
		EFDD6C3D1D637A1900F6A604 /* CustomTitleBtn.swift in Sources */ = {isa = PBXBuildFile; fileRef = EFDD6C3C1D637A1900F6A604 /* CustomTitleBtn.swift */; };
/* End PBXBuildFile section */

/* Begin PBXContainerItemProxy section */
		EFCBF61C1D61B9FF00539F06 /* PBXContainerItemProxy */ = {
			isa = PBXContainerItemProxy;
			containerPortal = EFCBF5FF1D61B9FF00539F06 /* Project object */;
			proxyType = 1;
			remoteGlobalIDString = EFCBF6061D61B9FF00539F06;
			remoteInfo = LHBWeibo;
		};
		EFCBF6271D61B9FF00539F06 /* PBXContainerItemProxy */ = {
			isa = PBXContainerItemProxy;
			containerPortal = EFCBF5FF1D61B9FF00539F06 /* Project object */;
			proxyType = 1;
			remoteGlobalIDString = EFCBF6061D61B9FF00539F06;
			remoteInfo = LHBWeibo;
		};
/* End PBXContainerItemProxy section */

/* Begin PBXFileReference section */
		0A873DCF6EE95213C81A7CB3 /* Pods-LHBWeibo.debug.xcconfig */ = {isa = PBXFileReference; includeInIndex = 1; lastKnownFileType = text.xcconfig; name = "Pods-LHBWeibo.debug.xcconfig"; path = "Pods/Target Support Files/Pods-LHBWeibo/Pods-LHBWeibo.debug.xcconfig"; sourceTree = "<group>"; };
		82860A569C67E2A7A06CC566 /* Pods_LHBWeibo.framework */ = {isa = PBXFileReference; explicitFileType = wrapper.framework; includeInIndex = 0; path = Pods_LHBWeibo.framework; sourceTree = BUILT_PRODUCTS_DIR; };
		84B84A8C253B44BE6E1B02BD /* Pods-LHBWeibo.release.xcconfig */ = {isa = PBXFileReference; includeInIndex = 1; lastKnownFileType = text.xcconfig; name = "Pods-LHBWeibo.release.xcconfig"; path = "Pods/Target Support Files/Pods-LHBWeibo/Pods-LHBWeibo.release.xcconfig"; sourceTree = "<group>"; };
		EF4AFDAC1D61C79900248735 /* MainViewController.swift */ = {isa = PBXFileReference; fileEncoding = 4; lastKnownFileType = sourcecode.swift; path = MainViewController.swift; sourceTree = "<group>"; };
		EF4AFDAE1D61C86100248735 /* HomeViewController.swift */ = {isa = PBXFileReference; fileEncoding = 4; lastKnownFileType = sourcecode.swift; path = HomeViewController.swift; sourceTree = "<group>"; };
		EF4AFDB01D61C86F00248735 /* MessageViewController.swift */ = {isa = PBXFileReference; fileEncoding = 4; lastKnownFileType = sourcecode.swift; path = MessageViewController.swift; sourceTree = "<group>"; };
		EF4AFDB41D61CDF100248735 /* DiscoverViewController.swift */ = {isa = PBXFileReference; fileEncoding = 4; lastKnownFileType = sourcecode.swift; path = DiscoverViewController.swift; sourceTree = "<group>"; };
		EF4AFDB61D61CE0100248735 /* ProfileViewController.swift */ = {isa = PBXFileReference; fileEncoding = 4; lastKnownFileType = sourcecode.swift; path = ProfileViewController.swift; sourceTree = "<group>"; };
		EF7A5EDF1D62192D0070CEF1 /* MainVCSettings.json */ = {isa = PBXFileReference; fileEncoding = 4; lastKnownFileType = text.json; path = MainVCSettings.json; sourceTree = "<group>"; };
		EF9F76321D63FE6F00332A97 /* LHBPresentationController.swift */ = {isa = PBXFileReference; fileEncoding = 4; lastKnownFileType = sourcecode.swift; path = LHBPresentationController.swift; sourceTree = "<group>"; };
		EF9F76341D64356000332A97 /* PopoverViewAnimation.swift */ = {isa = PBXFileReference; fileEncoding = 4; lastKnownFileType = sourcecode.swift; path = PopoverViewAnimation.swift; sourceTree = "<group>"; };
		EFCBF6071D61B9FF00539F06 /* LHBWeibo.app */ = {isa = PBXFileReference; explicitFileType = wrapper.application; includeInIndex = 0; path = LHBWeibo.app; sourceTree = BUILT_PRODUCTS_DIR; };
		EFCBF60A1D61B9FF00539F06 /* AppDelegate.swift */ = {isa = PBXFileReference; lastKnownFileType = sourcecode.swift; path = AppDelegate.swift; sourceTree = "<group>"; };
		EFCBF60F1D61B9FF00539F06 /* Base */ = {isa = PBXFileReference; lastKnownFileType = file.storyboard; name = Base; path = Base.lproj/Main.storyboard; sourceTree = "<group>"; };
		EFCBF6111D61B9FF00539F06 /* Assets.xcassets */ = {isa = PBXFileReference; lastKnownFileType = folder.assetcatalog; path = Assets.xcassets; sourceTree = "<group>"; };
		EFCBF6141D61B9FF00539F06 /* Base */ = {isa = PBXFileReference; lastKnownFileType = file.storyboard; name = Base; path = Base.lproj/LaunchScreen.storyboard; sourceTree = "<group>"; };
		EFCBF6161D61B9FF00539F06 /* Info.plist */ = {isa = PBXFileReference; lastKnownFileType = text.plist.xml; path = Info.plist; sourceTree = "<group>"; };
		EFCBF61B1D61B9FF00539F06 /* LHBWeiboTests.xctest */ = {isa = PBXFileReference; explicitFileType = wrapper.cfbundle; includeInIndex = 0; path = LHBWeiboTests.xctest; sourceTree = BUILT_PRODUCTS_DIR; };
		EFCBF61F1D61B9FF00539F06 /* LHBWeiboTests.swift */ = {isa = PBXFileReference; lastKnownFileType = sourcecode.swift; path = LHBWeiboTests.swift; sourceTree = "<group>"; };
		EFCBF6211D61B9FF00539F06 /* Info.plist */ = {isa = PBXFileReference; lastKnownFileType = text.plist.xml; path = Info.plist; sourceTree = "<group>"; };
		EFCBF6261D61B9FF00539F06 /* LHBWeiboUITests.xctest */ = {isa = PBXFileReference; explicitFileType = wrapper.cfbundle; includeInIndex = 0; path = LHBWeiboUITests.xctest; sourceTree = BUILT_PRODUCTS_DIR; };
		EFCBF62A1D61B9FF00539F06 /* LHBWeiboUITests.swift */ = {isa = PBXFileReference; lastKnownFileType = sourcecode.swift; path = LHBWeiboUITests.swift; sourceTree = "<group>"; };
		EFCBF62C1D61B9FF00539F06 /* Info.plist */ = {isa = PBXFileReference; lastKnownFileType = text.plist.xml; path = Info.plist; sourceTree = "<group>"; };
		EFDD6C171D62DDD000F6A604 /* 纯代码方案.swift */ = {isa = PBXFileReference; fileEncoding = 4; lastKnownFileType = sourcecode.swift; path = "纯代码方案.swift"; sourceTree = "<group>"; };
		EFDD6C1A1D62E49F00F6A604 /* Base */ = {isa = PBXFileReference; lastKnownFileType = file.storyboard; name = Base; path = Base.lproj/Home.storyboard; sourceTree = "<group>"; };
		EFDD6C1C1D62E4C000F6A604 /* Message.storyboard */ = {isa = PBXFileReference; fileEncoding = 4; lastKnownFileType = file.storyboard; name = Message.storyboard; path = ../../Message.storyboard; sourceTree = "<group>"; };
		EFDD6C1F1D62E4D500F6A604 /* Base */ = {isa = PBXFileReference; lastKnownFileType = file.storyboard; name = Base; path = Base.lproj/Discover.storyboard; sourceTree = "<group>"; };
		EFDD6C211D62E4ED00F6A604 /* Profile.storyboard */ = {isa = PBXFileReference; fileEncoding = 4; lastKnownFileType = file.storyboard; name = Profile.storyboard; path = ../../Profile.storyboard; sourceTree = "<group>"; };
		EFDD6C241D62EB7F00F6A604 /* Base */ = {isa = PBXFileReference; lastKnownFileType = file.storyboard; name = Base; path = Base.lproj/NULL.storyboard; sourceTree = "<group>"; };
		EFDD6C271D62F7C700F6A604 /* UIButton-Extension.swift */ = {isa = PBXFileReference; fileEncoding = 4; lastKnownFileType = sourcecode.swift; path = "UIButton-Extension.swift"; sourceTree = "<group>"; };
		EFDD6C2A1D631C6500F6A604 /* BaseViewController.swift */ = {isa = PBXFileReference; fileEncoding = 4; lastKnownFileType = sourcecode.swift; path = BaseViewController.swift; sourceTree = "<group>"; };
		EFDD6C2C1D631E8A00F6A604 /* VistorView.swift */ = {isa = PBXFileReference; fileEncoding = 4; lastKnownFileType = sourcecode.swift; path = VistorView.swift; sourceTree = "<group>"; };
		EFDD6C2E1D631E9800F6A604 /* VistorView.xib */ = {isa = PBXFileReference; fileEncoding = 4; lastKnownFileType = file.xib; path = VistorView.xib; sourceTree = "<group>"; };
		EFDD6C301D6369DE00F6A604 /* UIBarButtonItem-Extension.swift */ = {isa = PBXFileReference; fileEncoding = 4; lastKnownFileType = sourcecode.swift; path = "UIBarButtonItem-Extension.swift"; sourceTree = "<group>"; };
		EFDD6C381D63790A00F6A604 /* PopoverViewController.swift */ = {isa = PBXFileReference; fileEncoding = 4; lastKnownFileType = sourcecode.swift; path = PopoverViewController.swift; sourceTree = "<group>"; };
		EFDD6C391D63790A00F6A604 /* PopoverViewController.xib */ = {isa = PBXFileReference; fileEncoding = 4; lastKnownFileType = file.xib; path = PopoverViewController.xib; sourceTree = "<group>"; };
		EFDD6C3C1D637A1900F6A604 /* CustomTitleBtn.swift */ = {isa = PBXFileReference; fileEncoding = 4; lastKnownFileType = sourcecode.swift; path = CustomTitleBtn.swift; sourceTree = "<group>"; };
/* End PBXFileReference section */

/* Begin PBXFrameworksBuildPhase section */
		EFCBF6041D61B9FF00539F06 /* Frameworks */ = {
			isa = PBXFrameworksBuildPhase;
			buildActionMask = 2147483647;
			files = (
				392AB19DB71EBE5E2DD76495 /* Pods_LHBWeibo.framework in Frameworks */,
			);
			runOnlyForDeploymentPostprocessing = 0;
		};
		EFCBF6181D61B9FF00539F06 /* Frameworks */ = {
			isa = PBXFrameworksBuildPhase;
			buildActionMask = 2147483647;
			files = (
			);
			runOnlyForDeploymentPostprocessing = 0;
		};
		EFCBF6231D61B9FF00539F06 /* Frameworks */ = {
			isa = PBXFrameworksBuildPhase;
			buildActionMask = 2147483647;
			files = (
			);
			runOnlyForDeploymentPostprocessing = 0;
		};
/* End PBXFrameworksBuildPhase section */

/* Begin PBXGroup section */
		0B65800E2D8CFB4C86BB23BF /* Frameworks */ = {
			isa = PBXGroup;
			children = (
				82860A569C67E2A7A06CC566 /* Pods_LHBWeibo.framework */,
			);
			name = Frameworks;
			sourceTree = "<group>";
		};
		B3A8CE3AFE263A558FAE0138 /* Pods */ = {
			isa = PBXGroup;
			children = (
				0A873DCF6EE95213C81A7CB3 /* Pods-LHBWeibo.debug.xcconfig */,
				84B84A8C253B44BE6E1B02BD /* Pods-LHBWeibo.release.xcconfig */,
			);
			name = Pods;
			sourceTree = "<group>";
		};
		EF4AFDA41D61C27100248735 /* Extension */ = {
			isa = PBXGroup;
			children = (
				EFDD6C271D62F7C700F6A604 /* UIButton-Extension.swift */,
				EFDD6C301D6369DE00F6A604 /* UIBarButtonItem-Extension.swift */,
			);
			path = Extension;
			sourceTree = "<group>";
		};
		EF4AFDA51D61C27100248735 /* Lib */ = {
			isa = PBXGroup;
			children = (
			);
			path = Lib;
			sourceTree = "<group>";
		};
		EF4AFDA61D61C27100248735 /* MainWibo */ = {
			isa = PBXGroup;
			children = (
				EF4AFDAB1D61C41400248735 /* Main */,
				EF4AFDA81D61C27100248735 /* Home */,
				EF4AFDA91D61C27100248735 /* Message */,
				EF4AFDA71D61C27100248735 /* Discover */,
				EF4AFDAA1D61C27100248735 /* Profile */,
			);
			path = MainWibo;
			sourceTree = "<group>";
		};
		EF4AFDA71D61C27100248735 /* Discover */ = {
			isa = PBXGroup;
			children = (
				EF4AFDB41D61CDF100248735 /* DiscoverViewController.swift */,
				EFDD6C1E1D62E4D500F6A604 /* Discover.storyboard */,
			);
			path = Discover;
			sourceTree = "<group>";
		};
		EF4AFDA81D61C27100248735 /* Home */ = {
			isa = PBXGroup;
			children = (
				EFDD6C371D6378FA00F6A604 /* PopoverView */,
				EF4AFDAE1D61C86100248735 /* HomeViewController.swift */,
				EFDD6C191D62E49F00F6A604 /* Home.storyboard */,
			);
			path = Home;
			sourceTree = "<group>";
		};
		EF4AFDA91D61C27100248735 /* Message */ = {
			isa = PBXGroup;
			children = (
				EF4AFDB01D61C86F00248735 /* MessageViewController.swift */,
				EFDD6C1C1D62E4C000F6A604 /* Message.storyboard */,
			);
			path = Message;
			sourceTree = "<group>";
		};
		EF4AFDAA1D61C27100248735 /* Profile */ = {
			isa = PBXGroup;
			children = (
				EFDD6C211D62E4ED00F6A604 /* Profile.storyboard */,
				EF4AFDB61D61CE0100248735 /* ProfileViewController.swift */,
			);
			path = Profile;
			sourceTree = "<group>";
		};
		EF4AFDAB1D61C41400248735 /* Main */ = {
			isa = PBXGroup;
			children = (
				EF4AFDAC1D61C79900248735 /* MainViewController.swift */,
			);
			path = Main;
			sourceTree = "<group>";
		};
		EFCBF5FE1D61B9FF00539F06 = {
			isa = PBXGroup;
			children = (
				EFCBF6091D61B9FF00539F06 /* LHBWeibo */,
				EFCBF61E1D61B9FF00539F06 /* LHBWeiboTests */,
				EFCBF6291D61B9FF00539F06 /* LHBWeiboUITests */,
				EFCBF6081D61B9FF00539F06 /* Products */,
				B3A8CE3AFE263A558FAE0138 /* Pods */,
				0B65800E2D8CFB4C86BB23BF /* Frameworks */,
			);
			sourceTree = "<group>";
		};
		EFCBF6081D61B9FF00539F06 /* Products */ = {
			isa = PBXGroup;
			children = (
				EFCBF6071D61B9FF00539F06 /* LHBWeibo.app */,
				EFCBF61B1D61B9FF00539F06 /* LHBWeiboTests.xctest */,
				EFCBF6261D61B9FF00539F06 /* LHBWeiboUITests.xctest */,
			);
			name = Products;
			sourceTree = "<group>";
		};
		EFCBF6091D61B9FF00539F06 /* LHBWeibo */ = {
			isa = PBXGroup;
			children = (
				EFDD6C261D62EBA700F6A604 /* Resouces */,
				EF4AFDA41D61C27100248735 /* Extension */,
				EFDD6C341D63734600F6A604 /* CusTomUI */,
				EF4AFDA51D61C27100248735 /* Lib */,
				EFDD6C291D631C5300F6A604 /* Base */,
				EF4AFDA61D61C27100248735 /* MainWibo */,
				EFCBF60A1D61B9FF00539F06 /* AppDelegate.swift */,
				EFCBF60E1D61B9FF00539F06 /* Main.storyboard */,
				EFCBF6111D61B9FF00539F06 /* Assets.xcassets */,
				EFCBF6131D61B9FF00539F06 /* LaunchScreen.storyboard */,
				EF7A5EDF1D62192D0070CEF1 /* MainVCSettings.json */,
				EFCBF6161D61B9FF00539F06 /* Info.plist */,
				EFDD6C171D62DDD000F6A604 /* 纯代码方案.swift */,
			);
			path = LHBWeibo;
			sourceTree = "<group>";
		};
		EFCBF61E1D61B9FF00539F06 /* LHBWeiboTests */ = {
			isa = PBXGroup;
			children = (
				EFCBF61F1D61B9FF00539F06 /* LHBWeiboTests.swift */,
				EFCBF6211D61B9FF00539F06 /* Info.plist */,
			);
			path = LHBWeiboTests;
			sourceTree = "<group>";
		};
		EFCBF6291D61B9FF00539F06 /* LHBWeiboUITests */ = {
			isa = PBXGroup;
			children = (
				EFCBF62A1D61B9FF00539F06 /* LHBWeiboUITests.swift */,
				EFCBF62C1D61B9FF00539F06 /* Info.plist */,
			);
			path = LHBWeiboUITests;
			sourceTree = "<group>";
		};
		EFDD6C261D62EBA700F6A604 /* Resouces */ = {
			isa = PBXGroup;
			children = (
				EFDD6C231D62EB7F00F6A604 /* NULL.storyboard */,
			);
			path = Resouces;
			sourceTree = "<group>";
		};
		EFDD6C291D631C5300F6A604 /* Base */ = {
			isa = PBXGroup;
			children = (
				EFDD6C2A1D631C6500F6A604 /* BaseViewController.swift */,
				EFDD6C2C1D631E8A00F6A604 /* VistorView.swift */,
				EFDD6C2E1D631E9800F6A604 /* VistorView.xib */,
			);
			name = Base;
			path = MainWibo/Base;
			sourceTree = "<group>";
		};
		EFDD6C341D63734600F6A604 /* CusTomUI */ = {
			isa = PBXGroup;
			children = (
				EFDD6C3C1D637A1900F6A604 /* CustomTitleBtn.swift */,
			);
			path = CusTomUI;
			sourceTree = "<group>";
		};
		EFDD6C371D6378FA00F6A604 /* PopoverView */ = {
			isa = PBXGroup;
			children = (
				EFDD6C381D63790A00F6A604 /* PopoverViewController.swift */,
				EFDD6C391D63790A00F6A604 /* PopoverViewController.xib */,
				EF9F76321D63FE6F00332A97 /* LHBPresentationController.swift */,
				EF9F76341D64356000332A97 /* PopoverViewAnimation.swift */,
			);
			path = PopoverView;
			sourceTree = "<group>";
		};
/* End PBXGroup section */

/* Begin PBXNativeTarget section */
		EFCBF6061D61B9FF00539F06 /* LHBWeibo */ = {
			isa = PBXNativeTarget;
			buildConfigurationList = EFCBF62F1D61B9FF00539F06 /* Build configuration list for PBXNativeTarget "LHBWeibo" */;
			buildPhases = (
				5C87D64BF8034A53AA3916C3 /* Check Pods Manifest.lock */,
				EFCBF6031D61B9FF00539F06 /* Sources */,
				EFCBF6041D61B9FF00539F06 /* Frameworks */,
				EFCBF6051D61B9FF00539F06 /* Resources */,
				CD309442CE26DE01310129FC /* Embed Pods Frameworks */,
				659393C5DEDA2F412B64834A /* Copy Pods Resources */,
			);
			buildRules = (
			);
			dependencies = (
			);
			name = LHBWeibo;
			productName = LHBWeibo;
			productReference = EFCBF6071D61B9FF00539F06 /* LHBWeibo.app */;
			productType = "com.apple.product-type.application";
		};
		EFCBF61A1D61B9FF00539F06 /* LHBWeiboTests */ = {
			isa = PBXNativeTarget;
			buildConfigurationList = EFCBF6321D61B9FF00539F06 /* Build configuration list for PBXNativeTarget "LHBWeiboTests" */;
			buildPhases = (
				EFCBF6171D61B9FF00539F06 /* Sources */,
				EFCBF6181D61B9FF00539F06 /* Frameworks */,
				EFCBF6191D61B9FF00539F06 /* Resources */,
			);
			buildRules = (
			);
			dependencies = (
				EFCBF61D1D61B9FF00539F06 /* PBXTargetDependency */,
			);
			name = LHBWeiboTests;
			productName = LHBWeiboTests;
			productReference = EFCBF61B1D61B9FF00539F06 /* LHBWeiboTests.xctest */;
			productType = "com.apple.product-type.bundle.unit-test";
		};
		EFCBF6251D61B9FF00539F06 /* LHBWeiboUITests */ = {
			isa = PBXNativeTarget;
			buildConfigurationList = EFCBF6351D61B9FF00539F06 /* Build configuration list for PBXNativeTarget "LHBWeiboUITests" */;
			buildPhases = (
				EFCBF6221D61B9FF00539F06 /* Sources */,
				EFCBF6231D61B9FF00539F06 /* Frameworks */,
				EFCBF6241D61B9FF00539F06 /* Resources */,
			);
			buildRules = (
			);
			dependencies = (
				EFCBF6281D61B9FF00539F06 /* PBXTargetDependency */,
			);
			name = LHBWeiboUITests;
			productName = LHBWeiboUITests;
			productReference = EFCBF6261D61B9FF00539F06 /* LHBWeiboUITests.xctest */;
			productType = "com.apple.product-type.bundle.ui-testing";
		};
/* End PBXNativeTarget section */

/* Begin PBXProject section */
		EFCBF5FF1D61B9FF00539F06 /* Project object */ = {
			isa = PBXProject;
			attributes = {
				LastSwiftUpdateCheck = 0730;
				LastUpgradeCheck = 0730;
				ORGANIZATIONNAME = LHB;
				TargetAttributes = {
					EFCBF6061D61B9FF00539F06 = {
						CreatedOnToolsVersion = 7.3.1;
					};
					EFCBF61A1D61B9FF00539F06 = {
						CreatedOnToolsVersion = 7.3.1;
						TestTargetID = EFCBF6061D61B9FF00539F06;
					};
					EFCBF6251D61B9FF00539F06 = {
						CreatedOnToolsVersion = 7.3.1;
						TestTargetID = EFCBF6061D61B9FF00539F06;
					};
				};
			};
			buildConfigurationList = EFCBF6021D61B9FF00539F06 /* Build configuration list for PBXProject "LHBWeibo" */;
			compatibilityVersion = "Xcode 3.2";
			developmentRegion = English;
			hasScannedForEncodings = 0;
			knownRegions = (
				en,
				Base,
			);
			mainGroup = EFCBF5FE1D61B9FF00539F06;
			productRefGroup = EFCBF6081D61B9FF00539F06 /* Products */;
			projectDirPath = "";
			projectRoot = "";
			targets = (
				EFCBF6061D61B9FF00539F06 /* LHBWeibo */,
				EFCBF61A1D61B9FF00539F06 /* LHBWeiboTests */,
				EFCBF6251D61B9FF00539F06 /* LHBWeiboUITests */,
			);
		};
/* End PBXProject section */

/* Begin PBXResourcesBuildPhase section */
		EFCBF6051D61B9FF00539F06 /* Resources */ = {
			isa = PBXResourcesBuildPhase;
			buildActionMask = 2147483647;
			files = (
				EFCBF6151D61B9FF00539F06 /* LaunchScreen.storyboard in Resources */,
				EFDD6C1B1D62E49F00F6A604 /* Home.storyboard in Resources */,
				EFDD6C221D62E4ED00F6A604 /* Profile.storyboard in Resources */,
				EFCBF6121D61B9FF00539F06 /* Assets.xcassets in Resources */,
				EF7A5EE01D62192D0070CEF1 /* MainVCSettings.json in Resources */,
				EFDD6C251D62EB7F00F6A604 /* NULL.storyboard in Resources */,
				EFDD6C3B1D63790A00F6A604 /* PopoverViewController.xib in Resources */,
				EFDD6C1D1D62E4C000F6A604 /* Message.storyboard in Resources */,
				EFDD6C2F1D631E9800F6A604 /* VistorView.xib in Resources */,
				EFDD6C201D62E4D500F6A604 /* Discover.storyboard in Resources */,
				EFCBF6101D61B9FF00539F06 /* Main.storyboard in Resources */,
			);
			runOnlyForDeploymentPostprocessing = 0;
		};
		EFCBF6191D61B9FF00539F06 /* Resources */ = {
			isa = PBXResourcesBuildPhase;
			buildActionMask = 2147483647;
			files = (
			);
			runOnlyForDeploymentPostprocessing = 0;
		};
		EFCBF6241D61B9FF00539F06 /* Resources */ = {
			isa = PBXResourcesBuildPhase;
			buildActionMask = 2147483647;
			files = (
			);
			runOnlyForDeploymentPostprocessing = 0;
		};
/* End PBXResourcesBuildPhase section */

/* Begin PBXShellScriptBuildPhase section */
		5C87D64BF8034A53AA3916C3 /* Check Pods Manifest.lock */ = {
			isa = PBXShellScriptBuildPhase;
			buildActionMask = 2147483647;
			files = (
			);
			inputPaths = (
			);
			name = "Check Pods Manifest.lock";
			outputPaths = (
			);
			runOnlyForDeploymentPostprocessing = 0;
			shellPath = /bin/sh;
			shellScript = "diff \"${PODS_ROOT}/../Podfile.lock\" \"${PODS_ROOT}/Manifest.lock\" > /dev/null\nif [[ $? != 0 ]] ; then\n    cat << EOM\nerror: The sandbox is not in sync with the Podfile.lock. Run 'pod install' or update your CocoaPods installation.\nEOM\n    exit 1\nfi\n";
			showEnvVarsInLog = 0;
		};
		659393C5DEDA2F412B64834A /* Copy Pods Resources */ = {
			isa = PBXShellScriptBuildPhase;
			buildActionMask = 2147483647;
			files = (
			);
			inputPaths = (
			);
			name = "Copy Pods Resources";
			outputPaths = (
			);
			runOnlyForDeploymentPostprocessing = 0;
			shellPath = /bin/sh;
			shellScript = "\"${SRCROOT}/Pods/Target Support Files/Pods-LHBWeibo/Pods-LHBWeibo-resources.sh\"\n";
			showEnvVarsInLog = 0;
		};
		CD309442CE26DE01310129FC /* Embed Pods Frameworks */ = {
			isa = PBXShellScriptBuildPhase;
			buildActionMask = 2147483647;
			files = (
			);
			inputPaths = (
			);
			name = "Embed Pods Frameworks";
			outputPaths = (
			);
			runOnlyForDeploymentPostprocessing = 0;
			shellPath = /bin/sh;
			shellScript = "\"${SRCROOT}/Pods/Target Support Files/Pods-LHBWeibo/Pods-LHBWeibo-frameworks.sh\"\n";
			showEnvVarsInLog = 0;
		};
/* End PBXShellScriptBuildPhase section */

/* Begin PBXSourcesBuildPhase section */
		EFCBF6031D61B9FF00539F06 /* Sources */ = {
			isa = PBXSourcesBuildPhase;
			buildActionMask = 2147483647;
			files = (
				EF4AFDB71D61CE0100248735 /* ProfileViewController.swift in Sources */,
				EFCBF60B1D61B9FF00539F06 /* AppDelegate.swift in Sources */,
				EFDD6C3A1D63790A00F6A604 /* PopoverViewController.swift in Sources */,
				EFDD6C311D6369DE00F6A604 /* UIBarButtonItem-Extension.swift in Sources */,
				EF4AFDAD1D61C79900248735 /* MainViewController.swift in Sources */,
				EF4AFDB11D61C86F00248735 /* MessageViewController.swift in Sources */,
				EF9F76331D63FE6F00332A97 /* LHBPresentationController.swift in Sources */,
				EF4AFDAF1D61C86100248735 /* HomeViewController.swift in Sources */,
				EFDD6C3D1D637A1900F6A604 /* CustomTitleBtn.swift in Sources */,
				EFDD6C2B1D631C6500F6A604 /* BaseViewController.swift in Sources */,
				EF4AFDB51D61CDF100248735 /* DiscoverViewController.swift in Sources */,
				EFDD6C2D1D631E8A00F6A604 /* VistorView.swift in Sources */,
				EF9F76351D64356000332A97 /* PopoverViewAnimation.swift in Sources */,
				EFDD6C181D62DDD000F6A604 /* 纯代码方案.swift in Sources */,
				EFDD6C281D62F7C700F6A604 /* UIButton-Extension.swift in Sources */,
			);
			runOnlyForDeploymentPostprocessing = 0;
		};
		EFCBF6171D61B9FF00539F06 /* Sources */ = {
			isa = PBXSourcesBuildPhase;
			buildActionMask = 2147483647;
			files = (
				EFCBF6201D61B9FF00539F06 /* LHBWeiboTests.swift in Sources */,
			);
			runOnlyForDeploymentPostprocessing = 0;
		};
		EFCBF6221D61B9FF00539F06 /* Sources */ = {
			isa = PBXSourcesBuildPhase;
			buildActionMask = 2147483647;
			files = (
				EFCBF62B1D61B9FF00539F06 /* LHBWeiboUITests.swift in Sources */,
			);
			runOnlyForDeploymentPostprocessing = 0;
		};
/* End PBXSourcesBuildPhase section */

/* Begin PBXTargetDependency section */
		EFCBF61D1D61B9FF00539F06 /* PBXTargetDependency */ = {
			isa = PBXTargetDependency;
			target = EFCBF6061D61B9FF00539F06 /* LHBWeibo */;
			targetProxy = EFCBF61C1D61B9FF00539F06 /* PBXContainerItemProxy */;
		};
		EFCBF6281D61B9FF00539F06 /* PBXTargetDependency */ = {
			isa = PBXTargetDependency;
			target = EFCBF6061D61B9FF00539F06 /* LHBWeibo */;
			targetProxy = EFCBF6271D61B9FF00539F06 /* PBXContainerItemProxy */;
		};
/* End PBXTargetDependency section */

/* Begin PBXVariantGroup section */
		EFCBF60E1D61B9FF00539F06 /* Main.storyboard */ = {
			isa = PBXVariantGroup;
			children = (
				EFCBF60F1D61B9FF00539F06 /* Base */,
			);
			name = Main.storyboard;
			sourceTree = "<group>";
		};
		EFCBF6131D61B9FF00539F06 /* LaunchScreen.storyboard */ = {
			isa = PBXVariantGroup;
			children = (
				EFCBF6141D61B9FF00539F06 /* Base */,
			);
			name = LaunchScreen.storyboard;
			sourceTree = "<group>";
		};
		EFDD6C191D62E49F00F6A604 /* Home.storyboard */ = {
			isa = PBXVariantGroup;
			children = (
				EFDD6C1A1D62E49F00F6A604 /* Base */,
			);
			name = Home.storyboard;
			path = ../..;
			sourceTree = "<group>";
		};
		EFDD6C1E1D62E4D500F6A604 /* Discover.storyboard */ = {
			isa = PBXVariantGroup;
			children = (
				EFDD6C1F1D62E4D500F6A604 /* Base */,
			);
			name = Discover.storyboard;
			path = ../..;
			sourceTree = "<group>";
		};
		EFDD6C231D62EB7F00F6A604 /* NULL.storyboard */ = {
			isa = PBXVariantGroup;
			children = (
				EFDD6C241D62EB7F00F6A604 /* Base */,
			);
			name = NULL.storyboard;
			path = ..;
			sourceTree = "<group>";
		};
/* End PBXVariantGroup section */

/* Begin XCBuildConfiguration section */
		EFCBF62D1D61B9FF00539F06 /* Debug */ = {
			isa = XCBuildConfiguration;
			buildSettings = {
				ALWAYS_SEARCH_USER_PATHS = NO;
				CLANG_ANALYZER_NONNULL = YES;
				CLANG_CXX_LANGUAGE_STANDARD = "gnu++0x";
				CLANG_CXX_LIBRARY = "libc++";
				CLANG_ENABLE_MODULES = YES;
				CLANG_ENABLE_OBJC_ARC = YES;
				CLANG_WARN_BOOL_CONVERSION = YES;
				CLANG_WARN_CONSTANT_CONVERSION = YES;
				CLANG_WARN_DIRECT_OBJC_ISA_USAGE = YES_ERROR;
				CLANG_WARN_EMPTY_BODY = YES;
				CLANG_WARN_ENUM_CONVERSION = YES;
				CLANG_WARN_INT_CONVERSION = YES;
				CLANG_WARN_OBJC_ROOT_CLASS = YES_ERROR;
				CLANG_WARN_UNREACHABLE_CODE = YES;
				CLANG_WARN__DUPLICATE_METHOD_MATCH = YES;
				"CODE_SIGN_IDENTITY[sdk=iphoneos*]" = "iPhone Developer";
				COPY_PHASE_STRIP = NO;
				DEBUG_INFORMATION_FORMAT = dwarf;
				ENABLE_STRICT_OBJC_MSGSEND = YES;
				ENABLE_TESTABILITY = YES;
				GCC_C_LANGUAGE_STANDARD = gnu99;
				GCC_DYNAMIC_NO_PIC = NO;
				GCC_NO_COMMON_BLOCKS = YES;
				GCC_OPTIMIZATION_LEVEL = 0;
				GCC_PREPROCESSOR_DEFINITIONS = (
					"DEBUG=1",
					"$(inherited)",
				);
				GCC_WARN_64_TO_32_BIT_CONVERSION = YES;
				GCC_WARN_ABOUT_RETURN_TYPE = YES_ERROR;
				GCC_WARN_UNDECLARED_SELECTOR = YES;
				GCC_WARN_UNINITIALIZED_AUTOS = YES_AGGRESSIVE;
				GCC_WARN_UNUSED_FUNCTION = YES;
				GCC_WARN_UNUSED_VARIABLE = YES;
				IPHONEOS_DEPLOYMENT_TARGET = 9.3;
				MTL_ENABLE_DEBUG_INFO = YES;
				ONLY_ACTIVE_ARCH = YES;
				SDKROOT = iphoneos;
				SWIFT_OPTIMIZATION_LEVEL = "-Onone";
				TARGETED_DEVICE_FAMILY = "1,2";
			};
			name = Debug;
		};
		EFCBF62E1D61B9FF00539F06 /* Release */ = {
			isa = XCBuildConfiguration;
			buildSettings = {
				ALWAYS_SEARCH_USER_PATHS = NO;
				CLANG_ANALYZER_NONNULL = YES;
				CLANG_CXX_LANGUAGE_STANDARD = "gnu++0x";
				CLANG_CXX_LIBRARY = "libc++";
				CLANG_ENABLE_MODULES = YES;
				CLANG_ENABLE_OBJC_ARC = YES;
				CLANG_WARN_BOOL_CONVERSION = YES;
				CLANG_WARN_CONSTANT_CONVERSION = YES;
				CLANG_WARN_DIRECT_OBJC_ISA_USAGE = YES_ERROR;
				CLANG_WARN_EMPTY_BODY = YES;
				CLANG_WARN_ENUM_CONVERSION = YES;
				CLANG_WARN_INT_CONVERSION = YES;
				CLANG_WARN_OBJC_ROOT_CLASS = YES_ERROR;
				CLANG_WARN_UNREACHABLE_CODE = YES;
				CLANG_WARN__DUPLICATE_METHOD_MATCH = YES;
				"CODE_SIGN_IDENTITY[sdk=iphoneos*]" = "iPhone Developer";
				COPY_PHASE_STRIP = NO;
				DEBUG_INFORMATION_FORMAT = "dwarf-with-dsym";
				ENABLE_NS_ASSERTIONS = NO;
				ENABLE_STRICT_OBJC_MSGSEND = YES;
				GCC_C_LANGUAGE_STANDARD = gnu99;
				GCC_NO_COMMON_BLOCKS = YES;
				GCC_WARN_64_TO_32_BIT_CONVERSION = YES;
				GCC_WARN_ABOUT_RETURN_TYPE = YES_ERROR;
				GCC_WARN_UNDECLARED_SELECTOR = YES;
				GCC_WARN_UNINITIALIZED_AUTOS = YES_AGGRESSIVE;
				GCC_WARN_UNUSED_FUNCTION = YES;
				GCC_WARN_UNUSED_VARIABLE = YES;
				IPHONEOS_DEPLOYMENT_TARGET = 9.3;
				MTL_ENABLE_DEBUG_INFO = NO;
				SDKROOT = iphoneos;
				TARGETED_DEVICE_FAMILY = "1,2";
				VALIDATE_PRODUCT = YES;
			};
			name = Release;
		};
		EFCBF6301D61B9FF00539F06 /* Debug */ = {
			isa = XCBuildConfiguration;
			baseConfigurationReference = 0A873DCF6EE95213C81A7CB3 /* Pods-LHBWeibo.debug.xcconfig */;
			buildSettings = {
				ASSETCATALOG_COMPILER_APPICON_NAME = AppIcon;
				ASSETCATALOG_COMPILER_LAUNCHIMAGE_NAME = "Brand Assets";
				INFOPLIST_FILE = LHBWeibo/Info.plist;
				IPHONEOS_DEPLOYMENT_TARGET = 9.0;
				LD_RUNPATH_SEARCH_PATHS = "$(inherited) @executable_path/Frameworks";
				PRODUCT_BUNDLE_IDENTIFIER = com.lhb.company.LHBWeibo;
				PRODUCT_NAME = "$(TARGET_NAME)";
				TARGETED_DEVICE_FAMILY = 1;
			};
			name = Debug;
		};
		EFCBF6311D61B9FF00539F06 /* Release */ = {
			isa = XCBuildConfiguration;
			baseConfigurationReference = 84B84A8C253B44BE6E1B02BD /* Pods-LHBWeibo.release.xcconfig */;
			buildSettings = {
				ASSETCATALOG_COMPILER_APPICON_NAME = AppIcon;
				ASSETCATALOG_COMPILER_LAUNCHIMAGE_NAME = "Brand Assets";
				INFOPLIST_FILE = LHBWeibo/Info.plist;
				IPHONEOS_DEPLOYMENT_TARGET = 9.0;
				LD_RUNPATH_SEARCH_PATHS = "$(inherited) @executable_path/Frameworks";
				PRODUCT_BUNDLE_IDENTIFIER = com.lhb.company.LHBWeibo;
				PRODUCT_NAME = "$(TARGET_NAME)";
				TARGETED_DEVICE_FAMILY = 1;
			};
			name = Release;
		};
		EFCBF6331D61B9FF00539F06 /* Debug */ = {
			isa = XCBuildConfiguration;
			buildSettings = {
				BUNDLE_LOADER = "$(TEST_HOST)";
				INFOPLIST_FILE = LHBWeiboTests/Info.plist;
				LD_RUNPATH_SEARCH_PATHS = "$(inherited) @executable_path/Frameworks @loader_path/Frameworks";
				PRODUCT_BUNDLE_IDENTIFIER = com.lhb.company.LHBWeiboTests;
				PRODUCT_NAME = "$(TARGET_NAME)";
				TEST_HOST = "$(BUILT_PRODUCTS_DIR)/LHBWeibo.app/LHBWeibo";
			};
			name = Debug;
		};
		EFCBF6341D61B9FF00539F06 /* Release */ = {
			isa = XCBuildConfiguration;
			buildSettings = {
				BUNDLE_LOADER = "$(TEST_HOST)";
				INFOPLIST_FILE = LHBWeiboTests/Info.plist;
				LD_RUNPATH_SEARCH_PATHS = "$(inherited) @executable_path/Frameworks @loader_path/Frameworks";
				PRODUCT_BUNDLE_IDENTIFIER = com.lhb.company.LHBWeiboTests;
				PRODUCT_NAME = "$(TARGET_NAME)";
				TEST_HOST = "$(BUILT_PRODUCTS_DIR)/LHBWeibo.app/LHBWeibo";
			};
			name = Release;
		};
		EFCBF6361D61B9FF00539F06 /* Debug */ = {
			isa = XCBuildConfiguration;
			buildSettings = {
				INFOPLIST_FILE = LHBWeiboUITests/Info.plist;
				LD_RUNPATH_SEARCH_PATHS = "$(inherited) @executable_path/Frameworks @loader_path/Frameworks";
				PRODUCT_BUNDLE_IDENTIFIER = com.lhb.company.LHBWeiboUITests;
				PRODUCT_NAME = "$(TARGET_NAME)";
				TEST_TARGET_NAME = LHBWeibo;
			};
			name = Debug;
		};
		EFCBF6371D61B9FF00539F06 /* Release */ = {
			isa = XCBuildConfiguration;
			buildSettings = {
				INFOPLIST_FILE = LHBWeiboUITests/Info.plist;
				LD_RUNPATH_SEARCH_PATHS = "$(inherited) @executable_path/Frameworks @loader_path/Frameworks";
				PRODUCT_BUNDLE_IDENTIFIER = com.lhb.company.LHBWeiboUITests;
				PRODUCT_NAME = "$(TARGET_NAME)";
				TEST_TARGET_NAME = LHBWeibo;
			};
			name = Release;
		};
/* End XCBuildConfiguration section */

/* Begin XCConfigurationList section */
		EFCBF6021D61B9FF00539F06 /* Build configuration list for PBXProject "LHBWeibo" */ = {
			isa = XCConfigurationList;
			buildConfigurations = (
				EFCBF62D1D61B9FF00539F06 /* Debug */,
				EFCBF62E1D61B9FF00539F06 /* Release */,
			);
			defaultConfigurationIsVisible = 0;
			defaultConfigurationName = Release;
		};
		EFCBF62F1D61B9FF00539F06 /* Build configuration list for PBXNativeTarget "LHBWeibo" */ = {
			isa = XCConfigurationList;
			buildConfigurations = (
				EFCBF6301D61B9FF00539F06 /* Debug */,
				EFCBF6311D61B9FF00539F06 /* Release */,
			);
			defaultConfigurationIsVisible = 0;
			defaultConfigurationName = Release;
		};
		EFCBF6321D61B9FF00539F06 /* Build configuration list for PBXNativeTarget "LHBWeiboTests" */ = {
			isa = XCConfigurationList;
			buildConfigurations = (
				EFCBF6331D61B9FF00539F06 /* Debug */,
				EFCBF6341D61B9FF00539F06 /* Release */,
			);
			defaultConfigurationIsVisible = 0;
			defaultConfigurationName = Release;
		};
		EFCBF6351D61B9FF00539F06 /* Build configuration list for PBXNativeTarget "LHBWeiboUITests" */ = {
			isa = XCConfigurationList;
			buildConfigurations = (
				EFCBF6361D61B9FF00539F06 /* Debug */,
				EFCBF6371D61B9FF00539F06 /* Release */,
			);
			defaultConfigurationIsVisible = 0;
			defaultConfigurationName = Release;
		};
/* End XCConfigurationList section */
	};
	rootObject = EFCBF5FF1D61B9FF00539F06 /* Project object */;
}
